
Microsoft Visual Studio Solution File, Format Version 12.00
# Visual Studio Version 17
VisualStudioVersion = 17.1.32328.378
MinimumVisualStudioVersion = 10.0.40219.1
Project("{9A19103F-16F7-4668-BE54-9A1E7A4F7556}") = "TangyWeb_Server", "TangyWeb_Server\TangyWeb_Server.csproj", "{AC65B377-F081-4AE3-936C-1278843842C1}"
EndProject
Project("{9A19103F-16F7-4668-BE54-9A1E7A4F7556}") = "TangyWeb_Client", "TangyWeb_Client\TangyWeb_Client.csproj", "{31D9FE0C-425F-408A-87AB-5D9D1F4AEE9B}"
EndProject
Project("{9A19103F-16F7-4668-BE54-9A1E7A4F7556}") = "Tangy_Models", "Tangy_Models\Tangy_Models.csproj", "{67A475ED-D37B-4571-843B-E2AE6847DB4D}"
EndProject
Project("{9A19103F-16F7-4668-BE54-9A1E7A4F7556}") = "Tangy_Business", "Tangy_Business\Tangy_Business.csproj", "{75C9AD99-A45B-4B1E-B62B-F0008B9851BA}"
EndProject
Project("{9A19103F-16F7-4668-BE54-9A1E7A4F7556}") = "Tangy_Common", "Tangy_Common\Tangy_Common.csproj", "{3A723C6D-0783-439C-B71E-FF42DF6B2158}"
EndProject
Project("{9A19103F-16F7-4668-BE54-9A1E7A4F7556}") = "Tangy_DataAccess", "Tangy_DataAccess\Tangy_DataAccess.csproj", "{435F2762-1F78-45C0-BAB4-B1B13C87942A}"
EndProject
Global
	GlobalSection(SolutionConfigurationPlatforms) = preSolution
		Debug|Any CPU = Debug|Any CPU
		Release|Any CPU = Release|Any CPU
	EndGlobalSection
	GlobalSection(ProjectConfigurationPlatforms) = postSolution
		{AC65B377-F081-4AE3-936C-1278843842C1}.Debug|Any CPU.ActiveCfg = Debug|Any CPU
		{AC65B377-F081-4AE3-936C-1278843842C1}.Debug|Any CPU.Build.0 = Debug|Any CPU
		{AC65B377-F081-4AE3-936C-1278843842C1}.Release|Any CPU.ActiveCfg = Release|Any CPU
		{AC65B377-F081-4AE3-936C-1278843842C1}.Release|Any CPU.Build.0 = Release|Any CPU
		{31D9FE0C-425F-408A-87AB-5D9D1F4AEE9B}.Debug|Any CPU.ActiveCfg = Debug|Any CPU
		{31D9FE0C-425F-408A-87AB-5D9D1F4AEE9B}.Debug|Any CPU.Build.0 = Debug|Any CPU
		{31D9FE0C-425F-408A-87AB-5D9D1F4AEE9B}.Release|Any CPU.ActiveCfg = Release|Any CPU
		{31D9FE0C-425F-408A-87AB-5D9D1F4AEE9B}.Release|Any CPU.Build.0 = Release|Any CPU
		{67A475ED-D37B-4571-843B-E2AE6847DB4D}.Debug|Any CPU.ActiveCfg = Debug|Any CPU
		{67A475ED-D37B-4571-843B-E2AE6847DB4D}.Debug|Any CPU.Build.0 = Debug|Any CPU
		{67A475ED-D37B-4571-843B-E2AE6847DB4D}.Release|Any CPU.ActiveCfg = Release|Any CPU
		{67A475ED-D37B-4571-843B-E2AE6847DB4D}.Release|Any CPU.Build.0 = Release|Any CPU
		{75C9AD99-A45B-4B1E-B62B-F0008B9851BA}.Debug|Any CPU.ActiveCfg = Debug|Any CPU
		{75C9AD99-A45B-4B1E-B62B-F0008B9851BA}.Debug|Any CPU.Build.0 = Debug|Any CPU
		{75C9AD99-A45B-4B1E-B62B-F0008B9851BA}.Release|Any CPU.ActiveCfg = Release|Any CPU
		{75C9AD99-A45B-4B1E-B62B-F0008B9851BA}.Release|Any CPU.Build.0 = Release|Any CPU
		{3A723C6D-0783-439C-B71E-FF42DF6B2158}.Debug|Any CPU.ActiveCfg = Debug|Any CPU
		{3A723C6D-0783-439C-B71E-FF42DF6B2158}.Debug|Any CPU.Build.0 = Debug|Any CPU
		{3A723C6D-0783-439C-B71E-FF42DF6B2158}.Release|Any CPU.ActiveCfg = Release|Any CPU
		{3A723C6D-0783-439C-B71E-FF42DF6B2158}.Release|Any CPU.Build.0 = Release|Any CPU
		{435F2762-1F78-45C0-BAB4-B1B13C87942A}.Debug|Any CPU.ActiveCfg = Debug|Any CPU
		{435F2762-1F78-45C0-BAB4-B1B13C87942A}.Debug|Any CPU.Build.0 = Debug|Any CPU
		{435F2762-1F78-45C0-BAB4-B1B13C87942A}.Release|Any CPU.ActiveCfg = Release|Any CPU
		{435F2762-1F78-45C0-BAB4-B1B13C87942A}.Release|Any CPU.Build.0 = Release|Any CPU
	EndGlobalSection
	GlobalSection(SolutionProperties) = preSolution
		HideSolutionNode = FALSE
	EndGlobalSection
	GlobalSection(ExtensibilityGlobals) = postSolution
		SolutionGuid = {2AEEF67B-4C8D-46E6-AFB0-91CD721F5CA1}
	EndGlobalSection
EndGlobal
